
Microsoft Visual Studio Solution File, Format Version 12.00
# Visual Studio Version 17
VisualStudioVersion = 17.7.34202.233
MinimumVisualStudioVersion = 10.0.40219.1
Project("{9A19103F-16F7-4668-BE54-9A1E7A4F7556}") = "WebApplication3", "WebApplication3\WebApplication3.csproj", "{20CBAD1C-E790-4BA0-B732-2EDBA015C38E}"
EndProject
Global
	GlobalSection(SolutionConfigurationPlatforms) = preSolution
		Debug|Any CPU = Debug|Any CPU
		Release|Any CPU = Release|Any CPU
	EndGlobalSection
	GlobalSection(ProjectConfigurationPlatforms) = postSolution
		{20CBAD1C-E790-4BA0-B732-2EDBA015C38E}.Debug|Any CPU.ActiveCfg = Debug|Any CPU
		{20CBAD1C-E790-4BA0-B732-2EDBA015C38E}.Debug|Any CPU.Build.0 = Debug|Any CPU
		{20CBAD1C-E790-4BA0-B732-2EDBA015C38E}.Release|Any CPU.ActiveCfg = Release|Any CPU
		{20CBAD1C-E790-4BA0-B732-2EDBA015C38E}.Release|Any CPU.Build.0 = Release|Any CPU
	EndGlobalSection
	GlobalSection(SolutionProperties) = preSolution
		HideSolutionNode = FALSE
	EndGlobalSection
	GlobalSection(ExtensibilityGlobals) = postSolution
		SolutionGuid = {F5E8AC5E-D9D4-48C4-AC6B-E18BA2EB8E91}
	EndGlobalSection
EndGlobal
